
Microsoft Visual Studio Solution File, Format Version 12.00
# Visual Studio Version 16
VisualStudioVersion = 16.0.33423.256
MinimumVisualStudioVersion = 10.0.40219.1
Project("{8BC9CEB8-8B4A-11D0-8D11-00A0C91BC942}") = "Sound", "Sound\Sound.vcxproj", "{FD691084-B6F6-4B03-A7AE-6D25D1072AE6}"
EndProject
Global
	GlobalSection(SolutionConfigurationPlatforms) = preSolution
		Debug|x64 = Debug|x64
		Debug|x86 = Debug|x86
		Release|x64 = Release|x64
		Release|x86 = Release|x86
	EndGlobalSection
	GlobalSection(ProjectConfigurationPlatforms) = postSolution
		{FD691084-B6F6-4B03-A7AE-6D25D1072AE6}.Debug|x64.ActiveCfg = Debug|x64
		{FD691084-B6F6-4B03-A7AE-6D25D1072AE6}.Debug|x64.Build.0 = Debug|x64
		{FD691084-B6F6-4B03-A7AE-6D25D1072AE6}.Debug|x86.ActiveCfg = Debug|Win32
		{FD691084-B6F6-4B03-A7AE-6D25D1072AE6}.Debug|x86.Build.0 = Debug|Win32
		{FD691084-B6F6-4B03-A7AE-6D25D1072AE6}.Release|x64.ActiveCfg = Release|x64
		{FD691084-B6F6-4B03-A7AE-6D25D1072AE6}.Release|x64.Build.0 = Release|x64
		{FD691084-B6F6-4B03-A7AE-6D25D1072AE6}.Release|x86.ActiveCfg = Release|Win32
		{FD691084-B6F6-4B03-A7AE-6D25D1072AE6}.Release|x86.Build.0 = Release|Win32
	EndGlobalSection
	GlobalSection(SolutionProperties) = preSolution
		HideSolutionNode = FALSE
	EndGlobalSection
	GlobalSection(ExtensibilityGlobals) = postSolution
		SolutionGuid = {BC5E82B9-ED00-439A-9AC7-28186F98561F}
	EndGlobalSection
EndGlobal
